
Microsoft Visual Studio Solution File, Format Version 12.00
# Visual Studio 14
VisualStudioVersion = 14.0.25420.1
MinimumVisualStudioVersion = 10.0.40219.1
Project("{FAE04EC0-301F-11D3-BF4B-00C04F79EFBC}") = "App1.Droid", "App1\App1.Droid\App1.Droid.csproj", "{25783225-69C9-456E-B078-90D164B97193}"
EndProject
Project("{FAE04EC0-301F-11D3-BF4B-00C04F79EFBC}") = "App1.iOS", "App1\App1.iOS\App1.iOS.csproj", "{5A5A54AC-6541-4A61-8422-1550A76B39E1}"
EndProject
Project("{FAE04EC0-301F-11D3-BF4B-00C04F79EFBC}") = "App1", "App1\App1\App1.csproj", "{958EB802-6BFC-4686-8179-9AF99B0F282B}"
EndProject
Global
	GlobalSection(SolutionConfigurationPlatforms) = preSolution
		Debug|Any CPU = Debug|Any CPU
		Debug|iPhone = Debug|iPhone
		Debug|iPhoneSimulator = Debug|iPhoneSimulator
		Release|Any CPU = Release|Any CPU
		Release|iPhone = Release|iPhone
		Release|iPhoneSimulator = Release|iPhoneSimulator
	EndGlobalSection
	GlobalSection(ProjectConfigurationPlatforms) = postSolution
		{25783225-69C9-456E-B078-90D164B97193}.Debug|Any CPU.ActiveCfg = Debug|Any CPU
		{25783225-69C9-456E-B078-90D164B97193}.Debug|Any CPU.Build.0 = Debug|Any CPU
		{25783225-69C9-456E-B078-90D164B97193}.Debug|Any CPU.Deploy.0 = Debug|Any CPU
		{25783225-69C9-456E-B078-90D164B97193}.Debug|iPhone.ActiveCfg = Debug|Any CPU
		{25783225-69C9-456E-B078-90D164B97193}.Debug|iPhone.Build.0 = Debug|Any CPU
		{25783225-69C9-456E-B078-90D164B97193}.Debug|iPhone.Deploy.0 = Debug|Any CPU
		{25783225-69C9-456E-B078-90D164B97193}.Debug|iPhoneSimulator.ActiveCfg = Debug|Any CPU
		{25783225-69C9-456E-B078-90D164B97193}.Debug|iPhoneSimulator.Build.0 = Debug|Any CPU
		{25783225-69C9-456E-B078-90D164B97193}.Debug|iPhoneSimulator.Deploy.0 = Debug|Any CPU
		{25783225-69C9-456E-B078-90D164B97193}.Release|Any CPU.ActiveCfg = Release|Any CPU
		{25783225-69C9-456E-B078-90D164B97193}.Release|Any CPU.Build.0 = Release|Any CPU
		{25783225-69C9-456E-B078-90D164B97193}.Release|Any CPU.Deploy.0 = Release|Any CPU
		{25783225-69C9-456E-B078-90D164B97193}.Release|iPhone.ActiveCfg = Release|Any CPU
		{25783225-69C9-456E-B078-90D164B97193}.Release|iPhone.Build.0 = Release|Any CPU
		{25783225-69C9-456E-B078-90D164B97193}.Release|iPhone.Deploy.0 = Release|Any CPU
		{25783225-69C9-456E-B078-90D164B97193}.Release|iPhoneSimulator.ActiveCfg = Release|Any CPU
		{25783225-69C9-456E-B078-90D164B97193}.Release|iPhoneSimulator.Build.0 = Release|Any CPU
		{25783225-69C9-456E-B078-90D164B97193}.Release|iPhoneSimulator.Deploy.0 = Release|Any CPU
		{5A5A54AC-6541-4A61-8422-1550A76B39E1}.Debug|Any CPU.ActiveCfg = Debug|iPhone
		{5A5A54AC-6541-4A61-8422-1550A76B39E1}.Debug|iPhone.ActiveCfg = Debug|iPhone
		{5A5A54AC-6541-4A61-8422-1550A76B39E1}.Debug|iPhone.Build.0 = Debug|iPhone
		{5A5A54AC-6541-4A61-8422-1550A76B39E1}.Debug|iPhoneSimulator.ActiveCfg = Debug|iPhoneSimulator
		{5A5A54AC-6541-4A61-8422-1550A76B39E1}.Debug|iPhoneSimulator.Build.0 = Debug|iPhoneSimulator
		{5A5A54AC-6541-4A61-8422-1550A76B39E1}.Release|Any CPU.ActiveCfg = Release|iPhone
		{5A5A54AC-6541-4A61-8422-1550A76B39E1}.Release|iPhone.ActiveCfg = Release|iPhone
		{5A5A54AC-6541-4A61-8422-1550A76B39E1}.Release|iPhone.Build.0 = Release|iPhone
		{5A5A54AC-6541-4A61-8422-1550A76B39E1}.Release|iPhoneSimulator.ActiveCfg = Release|iPhoneSimulator
		{5A5A54AC-6541-4A61-8422-1550A76B39E1}.Release|iPhoneSimulator.Build.0 = Release|iPhoneSimulator
		{958EB802-6BFC-4686-8179-9AF99B0F282B}.Debug|Any CPU.ActiveCfg = Debug|Any CPU
		{958EB802-6BFC-4686-8179-9AF99B0F282B}.Debug|Any CPU.Build.0 = Debug|Any CPU
		{958EB802-6BFC-4686-8179-9AF99B0F282B}.Debug|iPhone.ActiveCfg = Debug|Any CPU
		{958EB802-6BFC-4686-8179-9AF99B0F282B}.Debug|iPhone.Build.0 = Debug|Any CPU
		{958EB802-6BFC-4686-8179-9AF99B0F282B}.Debug|iPhoneSimulator.ActiveCfg = Debug|Any CPU
		{958EB802-6BFC-4686-8179-9AF99B0F282B}.Debug|iPhoneSimulator.Build.0 = Debug|Any CPU
		{958EB802-6BFC-4686-8179-9AF99B0F282B}.Release|Any CPU.ActiveCfg = Release|Any CPU
		{958EB802-6BFC-4686-8179-9AF99B0F282B}.Release|Any CPU.Build.0 = Release|Any CPU
		{958EB802-6BFC-4686-8179-9AF99B0F282B}.Release|iPhone.ActiveCfg = Release|Any CPU
		{958EB802-6BFC-4686-8179-9AF99B0F282B}.Release|iPhone.Build.0 = Release|Any CPU
		{958EB802-6BFC-4686-8179-9AF99B0F282B}.Release|iPhoneSimulator.ActiveCfg = Release|Any CPU
		{958EB802-6BFC-4686-8179-9AF99B0F282B}.Release|iPhoneSimulator.Build.0 = Release|Any CPU
	EndGlobalSection
	GlobalSection(SolutionProperties) = preSolution
		HideSolutionNode = FALSE
	EndGlobalSection
EndGlobal
